// !$*UTF8*$!
{
	archiveVersion = 1;
	classes = {
	};
	objectVersion = 50;
	objects = {

/* Begin PBXBuildFile section */
		E16BB8B720F71D9400DBD27D /* AppDelegate.swift in Sources */ = {isa = PBXBuildFile; fileRef = E16BB8B620F71D9400DBD27D /* AppDelegate.swift */; };
		E16BB8BE20F71D9500DBD27D /* Assets.xcassets in Resources */ = {isa = PBXBuildFile; fileRef = E16BB8BD20F71D9500DBD27D /* Assets.xcassets */; };
		E16BB8C120F71D9500DBD27D /* LaunchScreen.storyboard in Resources */ = {isa = PBXBuildFile; fileRef = E16BB8BF20F71D9500DBD27D /* LaunchScreen.storyboard */; };
		E16BB8CE20F71EA400DBD27D /* LoginViewController.swift in Sources */ = {isa = PBXBuildFile; fileRef = E16BB8CC20F71EA400DBD27D /* LoginViewController.swift */; };
		E16BB8CF20F71EA400DBD27D /* LoginViewController.xib in Resources */ = {isa = PBXBuildFile; fileRef = E16BB8CD20F71EA400DBD27D /* LoginViewController.xib */; };
		E16BB8D220F913B700DBD27D /* DashboardViewController.swift in Sources */ = {isa = PBXBuildFile; fileRef = E16BB8D020F913B700DBD27D /* DashboardViewController.swift */; };
		E16BB8D320F913B700DBD27D /* DashboardViewController.xib in Resources */ = {isa = PBXBuildFile; fileRef = E16BB8D120F913B700DBD27D /* DashboardViewController.xib */; };
		E16BB8D620F91C7E00DBD27D /* Extensions.swift in Sources */ = {isa = PBXBuildFile; fileRef = E16BB8D520F91C7E00DBD27D /* Extensions.swift */; };
		E16BB8D920F92EA400DBD27D /* RegisterViewController.swift in Sources */ = {isa = PBXBuildFile; fileRef = E16BB8D720F92EA400DBD27D /* RegisterViewController.swift */; };
		E16BB8DA20F92EA400DBD27D /* RegisterViewController.xib in Resources */ = {isa = PBXBuildFile; fileRef = E16BB8D820F92EA400DBD27D /* RegisterViewController.xib */; };
/* End PBXBuildFile section */

/* Begin PBXFileReference section */
		E16BB8B320F71D9400DBD27D /* LoanRecommender.app */ = {isa = PBXFileReference; explicitFileType = wrapper.application; includeInIndex = 0; path = LoanRecommender.app; sourceTree = BUILT_PRODUCTS_DIR; };
		E16BB8B620F71D9400DBD27D /* AppDelegate.swift */ = {isa = PBXFileReference; lastKnownFileType = sourcecode.swift; path = AppDelegate.swift; sourceTree = "<group>"; };
		E16BB8BD20F71D9500DBD27D /* Assets.xcassets */ = {isa = PBXFileReference; lastKnownFileType = folder.assetcatalog; path = Assets.xcassets; sourceTree = "<group>"; };
		E16BB8C020F71D9500DBD27D /* Base */ = {isa = PBXFileReference; lastKnownFileType = file.storyboard; name = Base; path = Base.lproj/LaunchScreen.storyboard; sourceTree = "<group>"; };
		E16BB8C220F71D9500DBD27D /* Info.plist */ = {isa = PBXFileReference; lastKnownFileType = text.plist.xml; path = Info.plist; sourceTree = "<group>"; };
		E16BB8CC20F71EA400DBD27D /* LoginViewController.swift */ = {isa = PBXFileReference; lastKnownFileType = sourcecode.swift; path = LoginViewController.swift; sourceTree = "<group>"; };
		E16BB8CD20F71EA400DBD27D /* LoginViewController.xib */ = {isa = PBXFileReference; lastKnownFileType = file.xib; path = LoginViewController.xib; sourceTree = "<group>"; };
		E16BB8D020F913B700DBD27D /* DashboardViewController.swift */ = {isa = PBXFileReference; lastKnownFileType = sourcecode.swift; path = DashboardViewController.swift; sourceTree = "<group>"; };
		E16BB8D120F913B700DBD27D /* DashboardViewController.xib */ = {isa = PBXFileReference; lastKnownFileType = file.xib; path = DashboardViewController.xib; sourceTree = "<group>"; };
		E16BB8D520F91C7E00DBD27D /* Extensions.swift */ = {isa = PBXFileReference; lastKnownFileType = sourcecode.swift; path = Extensions.swift; sourceTree = "<group>"; };
		E16BB8D720F92EA400DBD27D /* RegisterViewController.swift */ = {isa = PBXFileReference; lastKnownFileType = sourcecode.swift; path = RegisterViewController.swift; sourceTree = "<group>"; };
		E16BB8D820F92EA400DBD27D /* RegisterViewController.xib */ = {isa = PBXFileReference; lastKnownFileType = file.xib; path = RegisterViewController.xib; sourceTree = "<group>"; };
/* End PBXFileReference section */

/* Begin PBXFrameworksBuildPhase section */
		E16BB8B020F71D9400DBD27D /* Frameworks */ = {
			isa = PBXFrameworksBuildPhase;
			buildActionMask = 2147483647;
			files = (
			);
			runOnlyForDeploymentPostprocessing = 0;
		};
/* End PBXFrameworksBuildPhase section */

/* Begin PBXGroup section */
		E16BB8AA20F71D9400DBD27D = {
			isa = PBXGroup;
			children = (
				E16BB8B520F71D9400DBD27D /* LoanRecommender */,
				E16BB8B420F71D9400DBD27D /* Products */,
			);
			sourceTree = "<group>";
		};
		E16BB8B420F71D9400DBD27D /* Products */ = {
			isa = PBXGroup;
			children = (
				E16BB8B320F71D9400DBD27D /* LoanRecommender.app */,
			);
			name = Products;
			sourceTree = "<group>";
		};
		E16BB8B520F71D9400DBD27D /* LoanRecommender */ = {
			isa = PBXGroup;
			children = (
				E16BB8D420F91C5600DBD27D /* Extensions */,
				E16BB8CB20F71E1E00DBD27D /* Controllers */,
				E16BB8C920F71DF800DBD27D /* SupportingFiles */,
			);
			path = LoanRecommender;
			sourceTree = "<group>";
		};
		E16BB8C920F71DF800DBD27D /* SupportingFiles */ = {
			isa = PBXGroup;
			children = (
				E16BB8B620F71D9400DBD27D /* AppDelegate.swift */,
				E16BB8BD20F71D9500DBD27D /* Assets.xcassets */,
				E16BB8BF20F71D9500DBD27D /* LaunchScreen.storyboard */,
				E16BB8C220F71D9500DBD27D /* Info.plist */,
			);
			name = SupportingFiles;
			sourceTree = "<group>";
		};
		E16BB8CB20F71E1E00DBD27D /* Controllers */ = {
			isa = PBXGroup;
			children = (
				E16BB8CC20F71EA400DBD27D /* LoginViewController.swift */,
				E16BB8CD20F71EA400DBD27D /* LoginViewController.xib */,
				E16BB8D020F913B700DBD27D /* DashboardViewController.swift */,
				E16BB8D120F913B700DBD27D /* DashboardViewController.xib */,
				E16BB8D720F92EA400DBD27D /* RegisterViewController.swift */,
				E16BB8D820F92EA400DBD27D /* RegisterViewController.xib */,
			);
			name = Controllers;
			sourceTree = "<group>";
		};
		E16BB8D420F91C5600DBD27D /* Extensions */ = {
			isa = PBXGroup;
			children = (
				E16BB8D520F91C7E00DBD27D /* Extensions.swift */,
			);
			name = Extensions;
			sourceTree = "<group>";
		};
/* End PBXGroup section */

/* Begin PBXNativeTarget section */
		E16BB8B220F71D9400DBD27D /* LoanRecommender */ = {
			isa = PBXNativeTarget;
			buildConfigurationList = E16BB8C520F71D9500DBD27D /* Build configuration list for PBXNativeTarget "LoanRecommender" */;
			buildPhases = (
				E16BB8AF20F71D9400DBD27D /* Sources */,
				E16BB8B020F71D9400DBD27D /* Frameworks */,
				E16BB8B120F71D9400DBD27D /* Resources */,
			);
			buildRules = (
			);
			dependencies = (
			);
			name = LoanRecommender;
			productName = LoanRecommender;
			productReference = E16BB8B320F71D9400DBD27D /* LoanRecommender.app */;
			productType = "com.apple.product-type.application";
		};
/* End PBXNativeTarget section */

/* Begin PBXProject section */
		E16BB8AB20F71D9400DBD27D /* Project object */ = {
			isa = PBXProject;
			attributes = {
				LastSwiftUpdateCheck = 0940;
				LastUpgradeCheck = 0940;
				ORGANIZATIONNAME = "Abdullah Adwan";
				TargetAttributes = {
					E16BB8B220F71D9400DBD27D = {
						CreatedOnToolsVersion = 9.4.1;
					};
				};
			};
			buildConfigurationList = E16BB8AE20F71D9400DBD27D /* Build configuration list for PBXProject "LoanRecommender" */;
			compatibilityVersion = "Xcode 9.3";
			developmentRegion = en;
			hasScannedForEncodings = 0;
			knownRegions = (
				en,
				Base,
			);
			mainGroup = E16BB8AA20F71D9400DBD27D;
			productRefGroup = E16BB8B420F71D9400DBD27D /* Products */;
			projectDirPath = "";
			projectRoot = "";
			targets = (
				E16BB8B220F71D9400DBD27D /* LoanRecommender */,
			);
		};
/* End PBXProject section */

/* Begin PBXResourcesBuildPhase section */
		E16BB8B120F71D9400DBD27D /* Resources */ = {
			isa = PBXResourcesBuildPhase;
			buildActionMask = 2147483647;
			files = (
				E16BB8C120F71D9500DBD27D /* LaunchScreen.storyboard in Resources */,
				E16BB8DA20F92EA400DBD27D /* RegisterViewController.xib in Resources */,
				E16BB8BE20F71D9500DBD27D /* Assets.xcassets in Resources */,
				E16BB8CF20F71EA400DBD27D /* LoginViewController.xib in Resources */,
				E16BB8D320F913B700DBD27D /* DashboardViewController.xib in Resources */,
			);
			runOnlyForDeploymentPostprocessing = 0;
		};
/* End PBXResourcesBuildPhase section */

/* Begin PBXSourcesBuildPhase section */
		E16BB8AF20F71D9400DBD27D /* Sources */ = {
			isa = PBXSourcesBuildPhase;
			buildActionMask = 2147483647;
			files = (
				E16BB8CE20F71EA400DBD27D /* LoginViewController.swift in Sources */,
				E16BB8D920F92EA400DBD27D /* RegisterViewController.swift in Sources */,
				E16BB8D220F913B700DBD27D /* DashboardViewController.swift in Sources */,
				E16BB8B720F71D9400DBD27D /* AppDelegate.swift in Sources */,
				E16BB8D620F91C7E00DBD27D /* Extensions.swift in Sources */,
			);
			runOnlyForDeploymentPostprocessing = 0;
		};
/* End PBXSourcesBuildPhase section */

/* Begin PBXVariantGroup section */
		E16BB8BF20F71D9500DBD27D /* LaunchScreen.storyboard */ = {
			isa = PBXVariantGroup;
			children = (
				E16BB8C020F71D9500DBD27D /* Base */,
			);
			name = LaunchScreen.storyboard;
			sourceTree = "<group>";
		};
/* End PBXVariantGroup section */

/* Begin XCBuildConfiguration section */
		E16BB8C320F71D9500DBD27D /* Debug */ = {
			isa = XCBuildConfiguration;
			buildSettings = {
				ALWAYS_SEARCH_USER_PATHS = NO;
				CLANG_ANALYZER_NONNULL = YES;
				CLANG_ANALYZER_NUMBER_OBJECT_CONVERSION = YES_AGGRESSIVE;
				CLANG_CXX_LANGUAGE_STANDARD = "gnu++14";
				CLANG_CXX_LIBRARY = "libc++";
				CLANG_ENABLE_MODULES = YES;
				CLANG_ENABLE_OBJC_ARC = YES;
				CLANG_ENABLE_OBJC_WEAK = YES;
				CLANG_WARN_BLOCK_CAPTURE_AUTORELEASING = YES;
				CLANG_WARN_BOOL_CONVERSION = YES;
				CLANG_WARN_COMMA = YES;
				CLANG_WARN_CONSTANT_CONVERSION = YES;
				CLANG_WARN_DEPRECATED_OBJC_IMPLEMENTATIONS = YES;
				CLANG_WARN_DIRECT_OBJC_ISA_USAGE = YES_ERROR;
				CLANG_WARN_DOCUMENTATION_COMMENTS = YES;
				CLANG_WARN_EMPTY_BODY = YES;
				CLANG_WARN_ENUM_CONVERSION = YES;
				CLANG_WARN_INFINITE_RECURSION = YES;
				CLANG_WARN_INT_CONVERSION = YES;
				CLANG_WARN_NON_LITERAL_NULL_CONVERSION = YES;
				CLANG_WARN_OBJC_IMPLICIT_RETAIN_SELF = YES;
				CLANG_WARN_OBJC_LITERAL_CONVERSION = YES;
				CLANG_WARN_OBJC_ROOT_CLASS = YES_ERROR;
				CLANG_WARN_RANGE_LOOP_ANALYSIS = YES;
				CLANG_WARN_STRICT_PROTOTYPES = YES;
				CLANG_WARN_SUSPICIOUS_MOVE = YES;
				CLANG_WARN_UNGUARDED_AVAILABILITY = YES_AGGRESSIVE;
				CLANG_WARN_UNREACHABLE_CODE = YES;
				CLANG_WARN__DUPLICATE_METHOD_MATCH = YES;
				CODE_SIGN_IDENTITY = "iPhone Developer";
				COPY_PHASE_STRIP = NO;
				DEBUG_INFORMATION_FORMAT = dwarf;
				ENABLE_STRICT_OBJC_MSGSEND = YES;
				ENABLE_TESTABILITY = YES;
				GCC_C_LANGUAGE_STANDARD = gnu11;
				GCC_DYNAMIC_NO_PIC = NO;
				GCC_NO_COMMON_BLOCKS = YES;
				GCC_OPTIMIZATION_LEVEL = 0;
				GCC_PREPROCESSOR_DEFINITIONS = (
					"DEBUG=1",
					"$(inherited)",
				);
				GCC_WARN_64_TO_32_BIT_CONVERSION = YES;
				GCC_WARN_ABOUT_RETURN_TYPE = YES_ERROR;
				GCC_WARN_UNDECLARED_SELECTOR = YES;
				GCC_WARN_UNINITIALIZED_AUTOS = YES_AGGRESSIVE;
				GCC_WARN_UNUSED_FUNCTION = YES;
				GCC_WARN_UNUSED_VARIABLE = YES;
				IPHONEOS_DEPLOYMENT_TARGET = 11.4;
				MTL_ENABLE_DEBUG_INFO = YES;
				ONLY_ACTIVE_ARCH = YES;
				SDKROOT = iphoneos;
				SWIFT_ACTIVE_COMPILATION_CONDITIONS = DEBUG;
				SWIFT_OPTIMIZATION_LEVEL = "-Onone";
			};
			name = Debug;
		};
		E16BB8C420F71D9500DBD27D /* Release */ = {
			isa = XCBuildConfiguration;
			buildSettings = {
				ALWAYS_SEARCH_USER_PATHS = NO;
				CLANG_ANALYZER_NONNULL = YES;
				CLANG_ANALYZER_NUMBER_OBJECT_CONVERSION = YES_AGGRESSIVE;
				CLANG_CXX_LANGUAGE_STANDARD = "gnu++14";
				CLANG_CXX_LIBRARY = "libc++";
				CLANG_ENABLE_MODULES = YES;
				CLANG_ENABLE_OBJC_ARC = YES;
				CLANG_ENABLE_OBJC_WEAK = YES;
				CLANG_WARN_BLOCK_CAPTURE_AUTORELEASING = YES;
				CLANG_WARN_BOOL_CONVERSION = YES;
				CLANG_WARN_COMMA = YES;
				CLANG_WARN_CONSTANT_CONVERSION = YES;
				CLANG_WARN_DEPRECATED_OBJC_IMPLEMENTATIONS = YES;
				CLANG_WARN_DIRECT_OBJC_ISA_USAGE = YES_ERROR;
				CLANG_WARN_DOCUMENTATION_COMMENTS = YES;
				CLANG_WARN_EMPTY_BODY = YES;
				CLANG_WARN_ENUM_CONVERSION = YES;
				CLANG_WARN_INFINITE_RECURSION = YES;
				CLANG_WARN_INT_CONVERSION = YES;
				CLANG_WARN_NON_LITERAL_NULL_CONVERSION = YES;
				CLANG_WARN_OBJC_IMPLICIT_RETAIN_SELF = YES;
				CLANG_WARN_OBJC_LITERAL_CONVERSION = YES;
				CLANG_WARN_OBJC_ROOT_CLASS = YES_ERROR;
				CLANG_WARN_RANGE_LOOP_ANALYSIS = YES;
				CLANG_WARN_STRICT_PROTOTYPES = YES;
				CLANG_WARN_SUSPICIOUS_MOVE = YES;
				CLANG_WARN_UNGUARDED_AVAILABILITY = YES_AGGRESSIVE;
				CLANG_WARN_UNREACHABLE_CODE = YES;
				CLANG_WARN__DUPLICATE_METHOD_MATCH = YES;
				CODE_SIGN_IDENTITY = "iPhone Developer";
				COPY_PHASE_STRIP = NO;
				DEBUG_INFORMATION_FORMAT = "dwarf-with-dsym";
				ENABLE_NS_ASSERTIONS = NO;
				ENABLE_STRICT_OBJC_MSGSEND = YES;
				GCC_C_LANGUAGE_STANDARD = gnu11;
				GCC_NO_COMMON_BLOCKS = YES;
				GCC_WARN_64_TO_32_BIT_CONVERSION = YES;
				GCC_WARN_ABOUT_RETURN_TYPE = YES_ERROR;
				GCC_WARN_UNDECLARED_SELECTOR = YES;
				GCC_WARN_UNINITIALIZED_AUTOS = YES_AGGRESSIVE;
				GCC_WARN_UNUSED_FUNCTION = YES;
				GCC_WARN_UNUSED_VARIABLE = YES;
				IPHONEOS_DEPLOYMENT_TARGET = 11.4;
				MTL_ENABLE_DEBUG_INFO = NO;
				SDKROOT = iphoneos;
				SWIFT_COMPILATION_MODE = wholemodule;
				SWIFT_OPTIMIZATION_LEVEL = "-O";
				VALIDATE_PRODUCT = YES;
			};
			name = Release;
		};
		E16BB8C620F71D9500DBD27D /* Debug */ = {
			isa = XCBuildConfiguration;
			buildSettings = {
				ASSETCATALOG_COMPILER_APPICON_NAME = AppIcon;
				CODE_SIGN_STYLE = Automatic;
				DEVELOPMENT_TEAM = S86GR4539G;
				INFOPLIST_FILE = LoanRecommender/Info.plist;
				LD_RUNPATH_SEARCH_PATHS = (
					"$(inherited)",
					"@executable_path/Frameworks",
				);
				PRODUCT_BUNDLE_IDENTIFIER = ABDigitalTeam.LoanRecommender.LoanRecommender;
				PRODUCT_NAME = "$(TARGET_NAME)";
				SWIFT_VERSION = 4.0;
				TARGETED_DEVICE_FAMILY = "1,2";
			};
			name = Debug;
		};
		E16BB8C720F71D9500DBD27D /* Release */ = {
			isa = XCBuildConfiguration;
			buildSettings = {
				ASSETCATALOG_COMPILER_APPICON_NAME = AppIcon;
				CODE_SIGN_STYLE = Automatic;
				DEVELOPMENT_TEAM = S86GR4539G;
				INFOPLIST_FILE = LoanRecommender/Info.plist;
				LD_RUNPATH_SEARCH_PATHS = (
					"$(inherited)",
					"@executable_path/Frameworks",
				);
				PRODUCT_BUNDLE_IDENTIFIER = ABDigitalTeam.LoanRecommender.LoanRecommender;
				PRODUCT_NAME = "$(TARGET_NAME)";
				SWIFT_VERSION = 4.0;
				TARGETED_DEVICE_FAMILY = "1,2";
			};
			name = Release;
		};
/* End XCBuildConfiguration section */

/* Begin XCConfigurationList section */
		E16BB8AE20F71D9400DBD27D /* Build configuration list for PBXProject "LoanRecommender" */ = {
			isa = XCConfigurationList;
			buildConfigurations = (
				E16BB8C320F71D9500DBD27D /* Debug */,
				E16BB8C420F71D9500DBD27D /* Release */,
			);
			defaultConfigurationIsVisible = 0;
			defaultConfigurationName = Release;
		};
		E16BB8C520F71D9500DBD27D /* Build configuration list for PBXNativeTarget "LoanRecommender" */ = {
			isa = XCConfigurationList;
			buildConfigurations = (
				E16BB8C620F71D9500DBD27D /* Debug */,
				E16BB8C720F71D9500DBD27D /* Release */,
			);
			defaultConfigurationIsVisible = 0;
			defaultConfigurationName = Release;
		};
/* End XCConfigurationList section */
	};
	rootObject = E16BB8AB20F71D9400DBD27D /* Project object */;
}
